# @generated by Move, please check-in and do not edit manually.

[move]
version = 2
manifest_digest = "1E14E3CF20E92DD0F6FB5BE7BAA447B78299489D32CB61B0AF919482E41EF46D"
deps_digest = "F8BBB0CCB2491CA29A3DF03D6F92277A4F3574266507ACD77214D37ECA3F3082"
dependencies = [
  { name = "Sui" },
]

[[move.package]]
name = "MoveStdlib"
source = { git = "https://github.com/MystenLabs/sui.git", rev = "framework/testnet", subdir = "crates/sui-framework/packages/move-stdlib" }

[[move.package]]
name = "Sui"
source = { git = "https://github.com/MystenLabs/sui.git", rev = "framework/testnet", subdir = "crates/sui-framework/packages/sui-framework" }

dependencies = [
  { name = "MoveStdlib" },
]

[move.toolchain-version]
compiler-version = "1.26.0"
edition = "2024.beta"
flavor = "sui"

[env]

[env.testnet]
chain-id = "4c78adac"
original-published-id = "0xffb0e7da8f9aafb4c181eaefb5948247cb25ab91f324073556a3efe9fd6f6fa5"
latest-published-id = "0xffb0e7da8f9aafb4c181eaefb5948247cb25ab91f324073556a3efe9fd6f6fa5"
published-version = "1"
